{"1.1.0",
[{<<"bcrypt">>,{pkg,<<"bcrypt">>,<<"1.0.2">>},0},
 {<<"cowboy">>,{pkg,<<"cowboy">>,<<"2.6.1">>},0},
 {<<"cowlib">>,{pkg,<<"cowlib">>,<<"2.7.0">>},1},
 {<<"epgsql">>,{pkg,<<"epgsql">>,<<"4.2.1">>},0},
 {<<"etest">>,{pkg,<<"etest">>,<<"1.2.1">>},0},
 {<<"etest_http">>,{pkg,<<"etest_http">>,<<"1.0.2">>},0},
 {<<"jiffy">>,{pkg,<<"jiffy">>,<<"0.15.2">>},1},
 {<<"meck">>,{pkg,<<"meck">>,<<"0.8.13">>},0},
 {<<"nested">>,{pkg,<<"nested">>,<<"0.1.2">>},0},
 {<<"poolboy">>,{pkg,<<"poolboy">>,<<"1.5.1">>},0},
 {<<"ranch">>,{pkg,<<"ranch">>,<<"1.7.1">>},1}]}.
[
{pkg_hash,[
 {<<"bcrypt">>, <<"6735F66D3A7309AF166CE660161009B7D9B9216508B8B2E6A0A9090AF35CB757">>},
 {<<"cowboy">>, <<"F2E06F757C337B3B311F9437E6E072B678FCD71545A7B2865BDAA154D078593F">>},
 {<<"cowlib">>, <<"3EF16E77562F9855A2605900CEDB15C1462D76FB1BE6A32FC3AE91973EE543D2">>},
 {<<"epgsql">>, <<"5B8A6C4EA3AE981E946798BE388D29434B0AC857E8B4B1E4CCB9ED726345D54B">>},
 {<<"etest">>, <<"98ED0A02679786B6706FCD76D84E326D6F2FE9DCF8D05CA96E001CA58EC3E7D5">>},
 {<<"etest_http">>, <<"CE3C98C84E559F3CB849065F241A56EDEC771D0251AB8BC2454BABD05545D56C">>},
 {<<"jiffy">>, <<"DE266C390111FD4EA28B9302F0BC3D7472468F3B8E0ACEABFBEFA26D08CD73B7">>},
 {<<"meck">>, <<"FFEDB39F99B0B99703B8601C6F17C7F76313EE12DE6B646E671E3188401F7866">>},
 {<<"nested">>, <<"D411ABF7FDB6D6BCAC4A0E0769705649870E1046A98899001C282351E57C038D">>},
 {<<"poolboy">>, <<"6B46163901CFD0A1B43D692657ED9D7E599853B3B21B95AE5AE0A777CF9B6CA8">>},
 {<<"ranch">>, <<"6B1FAB51B49196860B733A49C07604465A47BDB78AA10C1C16A3D199F7F8C881">>}]}
].
